
Microsoft Visual Studio Solution File, Format Version 12.00
# Visual Studio Version 16
VisualStudioVersion = 16.0.32413.511
MinimumVisualStudioVersion = 10.0.40219.1
Project("{FAE04EC0-301F-11D3-BF4B-00C04F79EFBC}") = "ConsoleAp ejercicio1deJordanLoisi", "ConsoleAp ejercicio1deJordanLoisi\ConsoleAp ejercicio1deJordanLoisi.csproj", "{83912282-6895-4063-8F9F-8475C91A820E}"
EndProject
Global
	GlobalSection(SolutionConfigurationPlatforms) = preSolution
		Debug|Any CPU = Debug|Any CPU
		Release|Any CPU = Release|Any CPU
	EndGlobalSection
	GlobalSection(ProjectConfigurationPlatforms) = postSolution
		{83912282-6895-4063-8F9F-8475C91A820E}.Debug|Any CPU.ActiveCfg = Debug|Any CPU
		{83912282-6895-4063-8F9F-8475C91A820E}.Debug|Any CPU.Build.0 = Debug|Any CPU
		{83912282-6895-4063-8F9F-8475C91A820E}.Release|Any CPU.ActiveCfg = Release|Any CPU
		{83912282-6895-4063-8F9F-8475C91A820E}.Release|Any CPU.Build.0 = Release|Any CPU
	EndGlobalSection
	GlobalSection(SolutionProperties) = preSolution
		HideSolutionNode = FALSE
	EndGlobalSection
	GlobalSection(ExtensibilityGlobals) = postSolution
		SolutionGuid = {A897E628-E653-4452-A2B9-EB1E535E2C2B}
	EndGlobalSection
EndGlobal
